
Microsoft Visual Studio Solution File, Format Version 12.00
# Visual Studio 15
Project("{FAE04EC0-301F-11D3-BF4B-00C04F79EFBC}") = "Assembly-CSharp", "Assembly-CSharp.csproj", "{177C2A8F-F778-3F19-45C0-19E46309A754}"
EndProject
Project("{FAE04EC0-301F-11D3-BF4B-00C04F79EFBC}") = "Assembly-CSharp-Editor-firstpass", "Assembly-CSharp-Editor-firstpass.csproj", "{B9A69CAA-47BD-85DD-3140-4B5849507709}"
EndProject
Project("{FAE04EC0-301F-11D3-BF4B-00C04F79EFBC}") = "Assembly-CSharp-firstpass", "Assembly-CSharp-firstpass.csproj", "{14AC67AB-4B81-90AE-1BE1-812BC104457F}"
EndProject
Global
	GlobalSection(SolutionConfigurationPlatforms) = preSolution
		Debug|Any CPU = Debug|Any CPU
		Release|Any CPU = Release|Any CPU
	EndGlobalSection
	GlobalSection(ProjectConfigurationPlatforms) = postSolution
		{177C2A8F-F778-3F19-45C0-19E46309A754}.Debug|Any CPU.ActiveCfg = Debug|Any CPU
		{177C2A8F-F778-3F19-45C0-19E46309A754}.Debug|Any CPU.Build.0 = Debug|Any CPU
		{177C2A8F-F778-3F19-45C0-19E46309A754}.Release|Any CPU.ActiveCfg = Release|Any CPU
		{177C2A8F-F778-3F19-45C0-19E46309A754}.Release|Any CPU.Build.0 = Release|Any CPU
		{B9A69CAA-47BD-85DD-3140-4B5849507709}.Debug|Any CPU.ActiveCfg = Debug|Any CPU
		{B9A69CAA-47BD-85DD-3140-4B5849507709}.Debug|Any CPU.Build.0 = Debug|Any CPU
		{B9A69CAA-47BD-85DD-3140-4B5849507709}.Release|Any CPU.ActiveCfg = Release|Any CPU
		{B9A69CAA-47BD-85DD-3140-4B5849507709}.Release|Any CPU.Build.0 = Release|Any CPU
		{14AC67AB-4B81-90AE-1BE1-812BC104457F}.Debug|Any CPU.ActiveCfg = Debug|Any CPU
		{14AC67AB-4B81-90AE-1BE1-812BC104457F}.Debug|Any CPU.Build.0 = Debug|Any CPU
		{14AC67AB-4B81-90AE-1BE1-812BC104457F}.Release|Any CPU.ActiveCfg = Release|Any CPU
		{14AC67AB-4B81-90AE-1BE1-812BC104457F}.Release|Any CPU.Build.0 = Release|Any CPU
	EndGlobalSection
	GlobalSection(SolutionProperties) = preSolution
		HideSolutionNode = FALSE
	EndGlobalSection
EndGlobal
